// !$*UTF8*$!
{
	archiveVersion = 1;
	classes = {
	};
	objectVersion = 50;
	objects = {

/* Begin PBXBuildFile section */
		1CC1E1B424DEFA5E0048E854 /* AppDelegate.swift in Sources */ = {isa = PBXBuildFile; fileRef = 1CC1E1B324DEFA5E0048E854 /* AppDelegate.swift */; };
		1CC1E1B624DEFA5E0048E854 /* ViewController.swift in Sources */ = {isa = PBXBuildFile; fileRef = 1CC1E1B524DEFA5E0048E854 /* ViewController.swift */; };
		1CC1E1B824DEFA5F0048E854 /* Assets.xcassets in Resources */ = {isa = PBXBuildFile; fileRef = 1CC1E1B724DEFA5F0048E854 /* Assets.xcassets */; };
		1CC1E1BB24DEFA5F0048E854 /* Main.storyboard in Resources */ = {isa = PBXBuildFile; fileRef = 1CC1E1B924DEFA5F0048E854 /* Main.storyboard */; };
		1CC1E1C424DEFA6A0048E854 /* SineWave.swift in Sources */ = {isa = PBXBuildFile; fileRef = 1CC1E1C324DEFA6A0048E854 /* SineWave.swift */; };
		1CC1E1C624DEFADD0048E854 /* Extensions.swift in Sources */ = {isa = PBXBuildFile; fileRef = 1CC1E1C524DEFADD0048E854 /* Extensions.swift */; };
		1CC1E1C824DEFEF00048E854 /* SoundButton.swift in Sources */ = {isa = PBXBuildFile; fileRef = 1CC1E1C724DEFEF00048E854 /* SoundButton.swift */; };
		1CC1E1CA24DF04A80048E854 /* Sampler.swift in Sources */ = {isa = PBXBuildFile; fileRef = 1CC1E1C924DF04A80048E854 /* Sampler.swift */; };
/* End PBXBuildFile section */

/* Begin PBXFileReference section */
		1CC1E1B024DEFA5E0048E854 /* SineWaveSound.app */ = {isa = PBXFileReference; explicitFileType = wrapper.application; includeInIndex = 0; path = SineWaveSound.app; sourceTree = BUILT_PRODUCTS_DIR; };
		1CC1E1B324DEFA5E0048E854 /* AppDelegate.swift */ = {isa = PBXFileReference; lastKnownFileType = sourcecode.swift; path = AppDelegate.swift; sourceTree = "<group>"; };
		1CC1E1B524DEFA5E0048E854 /* ViewController.swift */ = {isa = PBXFileReference; lastKnownFileType = sourcecode.swift; path = ViewController.swift; sourceTree = "<group>"; };
		1CC1E1B724DEFA5F0048E854 /* Assets.xcassets */ = {isa = PBXFileReference; lastKnownFileType = folder.assetcatalog; path = Assets.xcassets; sourceTree = "<group>"; };
		1CC1E1BA24DEFA5F0048E854 /* Base */ = {isa = PBXFileReference; lastKnownFileType = file.storyboard; name = Base; path = Base.lproj/Main.storyboard; sourceTree = "<group>"; };
		1CC1E1BC24DEFA5F0048E854 /* Info.plist */ = {isa = PBXFileReference; lastKnownFileType = text.plist.xml; path = Info.plist; sourceTree = "<group>"; };
		1CC1E1BD24DEFA5F0048E854 /* SineWaveSound.entitlements */ = {isa = PBXFileReference; lastKnownFileType = text.plist.entitlements; path = SineWaveSound.entitlements; sourceTree = "<group>"; };
		1CC1E1C324DEFA6A0048E854 /* SineWave.swift */ = {isa = PBXFileReference; lastKnownFileType = sourcecode.swift; path = SineWave.swift; sourceTree = "<group>"; };
		1CC1E1C524DEFADD0048E854 /* Extensions.swift */ = {isa = PBXFileReference; lastKnownFileType = sourcecode.swift; path = Extensions.swift; sourceTree = "<group>"; };
		1CC1E1C724DEFEF00048E854 /* SoundButton.swift */ = {isa = PBXFileReference; lastKnownFileType = sourcecode.swift; path = SoundButton.swift; sourceTree = "<group>"; };
		1CC1E1C924DF04A80048E854 /* Sampler.swift */ = {isa = PBXFileReference; lastKnownFileType = sourcecode.swift; path = Sampler.swift; sourceTree = "<group>"; };
/* End PBXFileReference section */

/* Begin PBXFrameworksBuildPhase section */
		1CC1E1AD24DEFA5E0048E854 /* Frameworks */ = {
			isa = PBXFrameworksBuildPhase;
			buildActionMask = 2147483647;
			files = (
			);
			runOnlyForDeploymentPostprocessing = 0;
		};
/* End PBXFrameworksBuildPhase section */

/* Begin PBXGroup section */
		1CC1E1A724DEFA5E0048E854 = {
			isa = PBXGroup;
			children = (
				1CC1E1B224DEFA5E0048E854 /* SineWaveSound */,
				1CC1E1B124DEFA5E0048E854 /* Products */,
			);
			sourceTree = "<group>";
		};
		1CC1E1B124DEFA5E0048E854 /* Products */ = {
			isa = PBXGroup;
			children = (
				1CC1E1B024DEFA5E0048E854 /* SineWaveSound.app */,
			);
			name = Products;
			sourceTree = "<group>";
		};
		1CC1E1B224DEFA5E0048E854 /* SineWaveSound */ = {
			isa = PBXGroup;
			children = (
				1CC1E1B324DEFA5E0048E854 /* AppDelegate.swift */,
				1CC1E1C524DEFADD0048E854 /* Extensions.swift */,
				1CC1E1B524DEFA5E0048E854 /* ViewController.swift */,
				1CC1E1C724DEFEF00048E854 /* SoundButton.swift */,
				1CC1E1C324DEFA6A0048E854 /* SineWave.swift */,
				1CC1E1C924DF04A80048E854 /* Sampler.swift */,
				1CC1E1B724DEFA5F0048E854 /* Assets.xcassets */,
				1CC1E1B924DEFA5F0048E854 /* Main.storyboard */,
				1CC1E1BC24DEFA5F0048E854 /* Info.plist */,
				1CC1E1BD24DEFA5F0048E854 /* SineWaveSound.entitlements */,
			);
			path = SineWaveSound;
			sourceTree = "<group>";
		};
/* End PBXGroup section */

/* Begin PBXNativeTarget section */
		1CC1E1AF24DEFA5E0048E854 /* SineWaveSound */ = {
			isa = PBXNativeTarget;
			buildConfigurationList = 1CC1E1C024DEFA5F0048E854 /* Build configuration list for PBXNativeTarget "SineWaveSound" */;
			buildPhases = (
				1CC1E1AC24DEFA5E0048E854 /* Sources */,
				1CC1E1AD24DEFA5E0048E854 /* Frameworks */,
				1CC1E1AE24DEFA5E0048E854 /* Resources */,
			);
			buildRules = (
			);
			dependencies = (
			);
			name = SineWaveSound;
			productName = SineWaveSound;
			productReference = 1CC1E1B024DEFA5E0048E854 /* SineWaveSound.app */;
			productType = "com.apple.product-type.application";
		};
/* End PBXNativeTarget section */

/* Begin PBXProject section */
		1CC1E1A824DEFA5E0048E854 /* Project object */ = {
			isa = PBXProject;
			attributes = {
				LastSwiftUpdateCheck = 1160;
				LastUpgradeCheck = 1160;
				ORGANIZATIONNAME = "Takuto Nakamura";
				TargetAttributes = {
					1CC1E1AF24DEFA5E0048E854 = {
						CreatedOnToolsVersion = 11.6;
					};
				};
			};
			buildConfigurationList = 1CC1E1AB24DEFA5E0048E854 /* Build configuration list for PBXProject "SineWaveSound" */;
			compatibilityVersion = "Xcode 9.3";
			developmentRegion = en;
			hasScannedForEncodings = 0;
			knownRegions = (
				en,
				Base,
			);
			mainGroup = 1CC1E1A724DEFA5E0048E854;
			productRefGroup = 1CC1E1B124DEFA5E0048E854 /* Products */;
			projectDirPath = "";
			projectRoot = "";
			targets = (
				1CC1E1AF24DEFA5E0048E854 /* SineWaveSound */,
			);
		};
/* End PBXProject section */

/* Begin PBXResourcesBuildPhase section */
		1CC1E1AE24DEFA5E0048E854 /* Resources */ = {
			isa = PBXResourcesBuildPhase;
			buildActionMask = 2147483647;
			files = (
				1CC1E1B824DEFA5F0048E854 /* Assets.xcassets in Resources */,
				1CC1E1BB24DEFA5F0048E854 /* Main.storyboard in Resources */,
			);
			runOnlyForDeploymentPostprocessing = 0;
		};
/* End PBXResourcesBuildPhase section */

/* Begin PBXSourcesBuildPhase section */
		1CC1E1AC24DEFA5E0048E854 /* Sources */ = {
			isa = PBXSourcesBuildPhase;
			buildActionMask = 2147483647;
			files = (
				1CC1E1C424DEFA6A0048E854 /* SineWave.swift in Sources */,
				1CC1E1B624DEFA5E0048E854 /* ViewController.swift in Sources */,
				1CC1E1B424DEFA5E0048E854 /* AppDelegate.swift in Sources */,
				1CC1E1C824DEFEF00048E854 /* SoundButton.swift in Sources */,
				1CC1E1C624DEFADD0048E854 /* Extensions.swift in Sources */,
				1CC1E1CA24DF04A80048E854 /* Sampler.swift in Sources */,
			);
			runOnlyForDeploymentPostprocessing = 0;
		};
/* End PBXSourcesBuildPhase section */

/* Begin PBXVariantGroup section */
		1CC1E1B924DEFA5F0048E854 /* Main.storyboard */ = {
			isa = PBXVariantGroup;
			children = (
				1CC1E1BA24DEFA5F0048E854 /* Base */,
			);
			name = Main.storyboard;
			sourceTree = "<group>";
		};
/* End PBXVariantGroup section */

/* Begin XCBuildConfiguration section */
		1CC1E1BE24DEFA5F0048E854 /* Debug */ = {
			isa = XCBuildConfiguration;
			buildSettings = {
				ALWAYS_SEARCH_USER_PATHS = NO;
				CLANG_ANALYZER_NONNULL = YES;
				CLANG_ANALYZER_NUMBER_OBJECT_CONVERSION = YES_AGGRESSIVE;
				CLANG_CXX_LANGUAGE_STANDARD = "gnu++14";
				CLANG_CXX_LIBRARY = "libc++";
				CLANG_ENABLE_MODULES = YES;
				CLANG_ENABLE_OBJC_ARC = YES;
				CLANG_ENABLE_OBJC_WEAK = YES;
				CLANG_WARN_BLOCK_CAPTURE_AUTORELEASING = YES;
				CLANG_WARN_BOOL_CONVERSION = YES;
				CLANG_WARN_COMMA = YES;
				CLANG_WARN_CONSTANT_CONVERSION = YES;
				CLANG_WARN_DEPRECATED_OBJC_IMPLEMENTATIONS = YES;
				CLANG_WARN_DIRECT_OBJC_ISA_USAGE = YES_ERROR;
				CLANG_WARN_DOCUMENTATION_COMMENTS = YES;
				CLANG_WARN_EMPTY_BODY = YES;
				CLANG_WARN_ENUM_CONVERSION = YES;
				CLANG_WARN_INFINITE_RECURSION = YES;
				CLANG_WARN_INT_CONVERSION = YES;
				CLANG_WARN_NON_LITERAL_NULL_CONVERSION = YES;
				CLANG_WARN_OBJC_IMPLICIT_RETAIN_SELF = YES;
				CLANG_WARN_OBJC_LITERAL_CONVERSION = YES;
				CLANG_WARN_OBJC_ROOT_CLASS = YES_ERROR;
				CLANG_WARN_RANGE_LOOP_ANALYSIS = YES;
				CLANG_WARN_STRICT_PROTOTYPES = YES;
				CLANG_WARN_SUSPICIOUS_MOVE = YES;
				CLANG_WARN_UNGUARDED_AVAILABILITY = YES_AGGRESSIVE;
				CLANG_WARN_UNREACHABLE_CODE = YES;
				CLANG_WARN__DUPLICATE_METHOD_MATCH = YES;
				COPY_PHASE_STRIP = NO;
				DEBUG_INFORMATION_FORMAT = dwarf;
				ENABLE_STRICT_OBJC_MSGSEND = YES;
				ENABLE_TESTABILITY = YES;
				GCC_C_LANGUAGE_STANDARD = gnu11;
				GCC_DYNAMIC_NO_PIC = NO;
				GCC_NO_COMMON_BLOCKS = YES;
				GCC_OPTIMIZATION_LEVEL = 0;
				GCC_PREPROCESSOR_DEFINITIONS = (
					"DEBUG=1",
					"$(inherited)",
				);
				GCC_WARN_64_TO_32_BIT_CONVERSION = YES;
				GCC_WARN_ABOUT_RETURN_TYPE = YES_ERROR;
				GCC_WARN_UNDECLARED_SELECTOR = YES;
				GCC_WARN_UNINITIALIZED_AUTOS = YES_AGGRESSIVE;
				GCC_WARN_UNUSED_FUNCTION = YES;
				GCC_WARN_UNUSED_VARIABLE = YES;
				MACOSX_DEPLOYMENT_TARGET = 10.15;
				MTL_ENABLE_DEBUG_INFO = INCLUDE_SOURCE;
				MTL_FAST_MATH = YES;
				ONLY_ACTIVE_ARCH = YES;
				SDKROOT = macosx;
				SWIFT_ACTIVE_COMPILATION_CONDITIONS = DEBUG;
				SWIFT_OPTIMIZATION_LEVEL = "-Onone";
			};
			name = Debug;
		};
		1CC1E1BF24DEFA5F0048E854 /* Release */ = {
			isa = XCBuildConfiguration;
			buildSettings = {
				ALWAYS_SEARCH_USER_PATHS = NO;
				CLANG_ANALYZER_NONNULL = YES;
				CLANG_ANALYZER_NUMBER_OBJECT_CONVERSION = YES_AGGRESSIVE;
				CLANG_CXX_LANGUAGE_STANDARD = "gnu++14";
				CLANG_CXX_LIBRARY = "libc++";
				CLANG_ENABLE_MODULES = YES;
				CLANG_ENABLE_OBJC_ARC = YES;
				CLANG_ENABLE_OBJC_WEAK = YES;
				CLANG_WARN_BLOCK_CAPTURE_AUTORELEASING = YES;
				CLANG_WARN_BOOL_CONVERSION = YES;
				CLANG_WARN_COMMA = YES;
				CLANG_WARN_CONSTANT_CONVERSION = YES;
				CLANG_WARN_DEPRECATED_OBJC_IMPLEMENTATIONS = YES;
				CLANG_WARN_DIRECT_OBJC_ISA_USAGE = YES_ERROR;
				CLANG_WARN_DOCUMENTATION_COMMENTS = YES;
				CLANG_WARN_EMPTY_BODY = YES;
				CLANG_WARN_ENUM_CONVERSION = YES;
				CLANG_WARN_INFINITE_RECURSION = YES;
				CLANG_WARN_INT_CONVERSION = YES;
				CLANG_WARN_NON_LITERAL_NULL_CONVERSION = YES;
				CLANG_WARN_OBJC_IMPLICIT_RETAIN_SELF = YES;
				CLANG_WARN_OBJC_LITERAL_CONVERSION = YES;
				CLANG_WARN_OBJC_ROOT_CLASS = YES_ERROR;
				CLANG_WARN_RANGE_LOOP_ANALYSIS = YES;
				CLANG_WARN_STRICT_PROTOTYPES = YES;
				CLANG_WARN_SUSPICIOUS_MOVE = YES;
				CLANG_WARN_UNGUARDED_AVAILABILITY = YES_AGGRESSIVE;
				CLANG_WARN_UNREACHABLE_CODE = YES;
				CLANG_WARN__DUPLICATE_METHOD_MATCH = YES;
				COPY_PHASE_STRIP = NO;
				DEBUG_INFORMATION_FORMAT = "dwarf-with-dsym";
				ENABLE_NS_ASSERTIONS = NO;
				ENABLE_STRICT_OBJC_MSGSEND = YES;
				GCC_C_LANGUAGE_STANDARD = gnu11;
				GCC_NO_COMMON_BLOCKS = YES;
				GCC_WARN_64_TO_32_BIT_CONVERSION = YES;
				GCC_WARN_ABOUT_RETURN_TYPE = YES_ERROR;
				GCC_WARN_UNDECLARED_SELECTOR = YES;
				GCC_WARN_UNINITIALIZED_AUTOS = YES_AGGRESSIVE;
				GCC_WARN_UNUSED_FUNCTION = YES;
				GCC_WARN_UNUSED_VARIABLE = YES;
				MACOSX_DEPLOYMENT_TARGET = 10.15;
				MTL_ENABLE_DEBUG_INFO = NO;
				MTL_FAST_MATH = YES;
				SDKROOT = macosx;
				SWIFT_COMPILATION_MODE = wholemodule;
				SWIFT_OPTIMIZATION_LEVEL = "-O";
			};
			name = Release;
		};
		1CC1E1C124DEFA5F0048E854 /* Debug */ = {
			isa = XCBuildConfiguration;
			buildSettings = {
				ASSETCATALOG_COMPILER_APPICON_NAME = AppIcon;
				CODE_SIGN_ENTITLEMENTS = SineWaveSound/SineWaveSound.entitlements;
				CODE_SIGN_STYLE = Automatic;
				COMBINE_HIDPI_IMAGES = YES;
				DEVELOPMENT_TEAM = VJ5N2X84K8;
				ENABLE_HARDENED_RUNTIME = YES;
				INFOPLIST_FILE = SineWaveSound/Info.plist;
				LD_RUNPATH_SEARCH_PATHS = (
					"$(inherited)",
					"@executable_path/../Frameworks",
				);
				PRODUCT_BUNDLE_IDENTIFIER = com.kyome.SineWaveSound;
				PRODUCT_NAME = "$(TARGET_NAME)";
				SWIFT_VERSION = 5.0;
			};
			name = Debug;
		};
		1CC1E1C224DEFA5F0048E854 /* Release */ = {
			isa = XCBuildConfiguration;
			buildSettings = {
				ASSETCATALOG_COMPILER_APPICON_NAME = AppIcon;
				CODE_SIGN_ENTITLEMENTS = SineWaveSound/SineWaveSound.entitlements;
				CODE_SIGN_STYLE = Automatic;
				COMBINE_HIDPI_IMAGES = YES;
				DEVELOPMENT_TEAM = VJ5N2X84K8;
				ENABLE_HARDENED_RUNTIME = YES;
				INFOPLIST_FILE = SineWaveSound/Info.plist;
				LD_RUNPATH_SEARCH_PATHS = (
					"$(inherited)",
					"@executable_path/../Frameworks",
				);
				PRODUCT_BUNDLE_IDENTIFIER = com.kyome.SineWaveSound;
				PRODUCT_NAME = "$(TARGET_NAME)";
				SWIFT_VERSION = 5.0;
			};
			name = Release;
		};
/* End XCBuildConfiguration section */

/* Begin XCConfigurationList section */
		1CC1E1AB24DEFA5E0048E854 /* Build configuration list for PBXProject "SineWaveSound" */ = {
			isa = XCConfigurationList;
			buildConfigurations = (
				1CC1E1BE24DEFA5F0048E854 /* Debug */,
				1CC1E1BF24DEFA5F0048E854 /* Release */,
			);
			defaultConfigurationIsVisible = 0;
			defaultConfigurationName = Release;
		};
		1CC1E1C024DEFA5F0048E854 /* Build configuration list for PBXNativeTarget "SineWaveSound" */ = {
			isa = XCConfigurationList;
			buildConfigurations = (
				1CC1E1C124DEFA5F0048E854 /* Debug */,
				1CC1E1C224DEFA5F0048E854 /* Release */,
			);
			defaultConfigurationIsVisible = 0;
			defaultConfigurationName = Release;
		};
/* End XCConfigurationList section */
	};
	rootObject = 1CC1E1A824DEFA5E0048E854 /* Project object */;
}
